<?xml version="1.0" encoding="utf-8"?>
<Project ToolsVersion="4.0" xmlns="http://schemas.microsoft.com/developer/msbuild/2003">
  <ItemGroup>
    <Filter Include="Resource Files">
      <UniqueIdentifier>{67DA6AB6-F800-4c08-8B7A-83BB121AAD01}</UniqueIdentifier>
      <Extensions>rc;ico;cur;bmp;dlg;rc2;rct;bin;rgs;gif;jpg;jpeg;jpe;resx;tiff;tif;png;wav;mfcribbon-ms</Extensions>
    </Filter>
    <Filter Include="Default">
      <UniqueIdentifier>{93995380-89BD-4b04-88EB-625FBE52EBFB}</UniqueIdentifier>
      <Extensions>h;hh;hpp;hxx;h++;hm;inl;inc;ipp;xsd</Extensions>
    </Filter>
    <Filter Include="Main">
      <UniqueIdentifier>{4FC737F1-C7A5-4376-A066-2A32D752A2FF}</UniqueIdentifier>
      <Extensions>cpp;c;cc;cxx;c++;cppm;ixx;def;odl;idl;hpj;bat;asm;asmx</Extensions>
    </Filter>
    <Filter Include="Koma">
      <UniqueIdentifier>{cd8ffea3-da6b-4b55-a8f6-4c148244db97}</UniqueIdentifier>
    </Filter>
    <Filter Include="View">
      <UniqueIdentifier>{4fe17853-bed3-4041-b67f-fb994fac1f0b}</UniqueIdentifier>
    </Filter>
  </ItemGroup>
  <ItemGroup>
    <ClInclude Include="framework.h">
      <Filter>Default</Filter>
    </ClInclude>
    <ClInclude Include="targetver.h">
      <Filter>Default</Filter>
    </ClInclude>
    <ClInclude Include="Resource.h">
      <Filter>Default</Filter>
    </ClInclude>
    <ClInclude Include="MyShogi.h">
      <Filter>Default</Filter>
    </ClInclude>
    <ClInclude Include="BmpOwner.h">
      <Filter>View</Filter>
    </ClInclude>
    <ClInclude Include="ScreenLayout.h">
      <Filter>View</Filter>
    </ClInclude>
    <ClInclude Include="KomaState.h">
      <Filter>Main</Filter>
    </ClInclude>
    <ClInclude Include="Activity.h">
      <Filter>Main</Filter>
    </ClInclude>
    <ClInclude Include="Shogi.h">
      <Filter>Main</Filter>
    </ClInclude>
    <ClInclude Include="KomaAbs.h">
      <Filter>Koma</Filter>
    </ClInclude>
    <ClInclude Include="Board.h">
      <Filter>Main</Filter>
    </ClInclude>
    <ClInclude Include="MochiGoma.h">
      <Filter>Main</Filter>
    </ClInclude>
    <ClInclude Include="Painter.h">
      <Filter>View</Filter>
    </ClInclude>
  </ItemGroup>
  <ItemGroup>
    <ClCompile Include="BmpOwner.cpp">
      <Filter>View</Filter>
    </ClCompile>
    <ClCompile Include="MyShogi.cpp">
      <Filter>Default</Filter>
    </ClCompile>
    <ClCompile Include="Activity.cpp">
      <Filter>Main</Filter>
    </ClCompile>
    <ClCompile Include="Shogi.cpp">
      <Filter>Main</Filter>
    </ClCompile>
    <ClCompile Include="Board.cpp">
      <Filter>Main</Filter>
    </ClCompile>
    <ClCompile Include="MochiGoma.cpp">
      <Filter>Main</Filter>
    </ClCompile>
    <ClCompile Include="Painter.cpp">
      <Filter>View</Filter>
    </ClCompile>
  </ItemGroup>
  <ItemGroup>
    <ResourceCompile Include="MyShogi.rc">
      <Filter>Resource Files</Filter>
    </ResourceCompile>
  </ItemGroup>
  <ItemGroup>
    <Image Include="small.ico">
      <Filter>Resource Files</Filter>
    </Image>
    <Image Include="MyShogi.ico">
      <Filter>Resource Files</Filter>
    </Image>
  </ItemGroup>
</Project>